// !$*UTF8*$!
{
	archiveVersion = 1;
	classes = {
	};
	objectVersion = 50;
	objects = {

/* Begin PBXBuildFile section */
		FDFC69C5236BE6B3009EECD0 /* AppDelegate.swift in Sources */ = {isa = PBXBuildFile; fileRef = FDFC69C4236BE6B3009EECD0 /* AppDelegate.swift */; };
		FDFC69C7236BE6B3009EECD0 /* SceneDelegate.swift in Sources */ = {isa = PBXBuildFile; fileRef = FDFC69C6236BE6B3009EECD0 /* SceneDelegate.swift */; };
		FDFC69C9236BE6B3009EECD0 /* ContentView.swift in Sources */ = {isa = PBXBuildFile; fileRef = FDFC69C8236BE6B3009EECD0 /* ContentView.swift */; };
		FDFC69CB236BE6B7009EECD0 /* Assets.xcassets in Resources */ = {isa = PBXBuildFile; fileRef = FDFC69CA236BE6B7009EECD0 /* Assets.xcassets */; };
		FDFC69CE236BE6B7009EECD0 /* Preview Assets.xcassets in Resources */ = {isa = PBXBuildFile; fileRef = FDFC69CD236BE6B7009EECD0 /* Preview Assets.xcassets */; };
		FDFC69D1236BE6B7009EECD0 /* LaunchScreen.storyboard in Resources */ = {isa = PBXBuildFile; fileRef = FDFC69CF236BE6B7009EECD0 /* LaunchScreen.storyboard */; };
/* End PBXBuildFile section */

/* Begin PBXFileReference section */
		FDFC69C1236BE6B3009EECD0 /* QuotesAppSwiftUI.app */ = {isa = PBXFileReference; explicitFileType = wrapper.application; includeInIndex = 0; path = QuotesAppSwiftUI.app; sourceTree = BUILT_PRODUCTS_DIR; };
		FDFC69C4236BE6B3009EECD0 /* AppDelegate.swift */ = {isa = PBXFileReference; lastKnownFileType = sourcecode.swift; path = AppDelegate.swift; sourceTree = "<group>"; };
		FDFC69C6236BE6B3009EECD0 /* SceneDelegate.swift */ = {isa = PBXFileReference; lastKnownFileType = sourcecode.swift; path = SceneDelegate.swift; sourceTree = "<group>"; };
		FDFC69C8236BE6B3009EECD0 /* ContentView.swift */ = {isa = PBXFileReference; lastKnownFileType = sourcecode.swift; path = ContentView.swift; sourceTree = "<group>"; };
		FDFC69CA236BE6B7009EECD0 /* Assets.xcassets */ = {isa = PBXFileReference; lastKnownFileType = folder.assetcatalog; path = Assets.xcassets; sourceTree = "<group>"; };
		FDFC69CD236BE6B7009EECD0 /* Preview Assets.xcassets */ = {isa = PBXFileReference; lastKnownFileType = folder.assetcatalog; path = "Preview Assets.xcassets"; sourceTree = "<group>"; };
		FDFC69D0236BE6B7009EECD0 /* Base */ = {isa = PBXFileReference; lastKnownFileType = file.storyboard; name = Base; path = Base.lproj/LaunchScreen.storyboard; sourceTree = "<group>"; };
		FDFC69D2236BE6B7009EECD0 /* Info.plist */ = {isa = PBXFileReference; lastKnownFileType = text.plist.xml; path = Info.plist; sourceTree = "<group>"; };
/* End PBXFileReference section */

/* Begin PBXFrameworksBuildPhase section */
		FDFC69BE236BE6B3009EECD0 /* Frameworks */ = {
			isa = PBXFrameworksBuildPhase;
			buildActionMask = 2147483647;
			files = (
			);
			runOnlyForDeploymentPostprocessing = 0;
		};
/* End PBXFrameworksBuildPhase section */

/* Begin PBXGroup section */
		FDFC69B8236BE6B3009EECD0 = {
			isa = PBXGroup;
			children = (
				FDFC69C3236BE6B3009EECD0 /* QuotesAppSwiftUI */,
				FDFC69C2236BE6B3009EECD0 /* Products */,
			);
			sourceTree = "<group>";
		};
		FDFC69C2236BE6B3009EECD0 /* Products */ = {
			isa = PBXGroup;
			children = (
				FDFC69C1236BE6B3009EECD0 /* QuotesAppSwiftUI.app */,
			);
			name = Products;
			sourceTree = "<group>";
		};
		FDFC69C3236BE6B3009EECD0 /* QuotesAppSwiftUI */ = {
			isa = PBXGroup;
			children = (
				FDFC69C4236BE6B3009EECD0 /* AppDelegate.swift */,
				FDFC69C6236BE6B3009EECD0 /* SceneDelegate.swift */,
				FDFC69C8236BE6B3009EECD0 /* ContentView.swift */,
				FDFC69CA236BE6B7009EECD0 /* Assets.xcassets */,
				FDFC69CF236BE6B7009EECD0 /* LaunchScreen.storyboard */,
				FDFC69D2236BE6B7009EECD0 /* Info.plist */,
				FDFC69CC236BE6B7009EECD0 /* Preview Content */,
			);
			path = QuotesAppSwiftUI;
			sourceTree = "<group>";
		};
		FDFC69CC236BE6B7009EECD0 /* Preview Content */ = {
			isa = PBXGroup;
			children = (
				FDFC69CD236BE6B7009EECD0 /* Preview Assets.xcassets */,
			);
			path = "Preview Content";
			sourceTree = "<group>";
		};
/* End PBXGroup section */

/* Begin PBXNativeTarget section */
		FDFC69C0236BE6B3009EECD0 /* QuotesAppSwiftUI */ = {
			isa = PBXNativeTarget;
			buildConfigurationList = FDFC69D5236BE6B7009EECD0 /* Build configuration list for PBXNativeTarget "QuotesAppSwiftUI" */;
			buildPhases = (
				FDFC69BD236BE6B3009EECD0 /* Sources */,
				FDFC69BE236BE6B3009EECD0 /* Frameworks */,
				FDFC69BF236BE6B3009EECD0 /* Resources */,
			);
			buildRules = (
			);
			dependencies = (
			);
			name = QuotesAppSwiftUI;
			productName = QuotesAppSwiftUI;
			productReference = FDFC69C1236BE6B3009EECD0 /* QuotesAppSwiftUI.app */;
			productType = "com.apple.product-type.application";
		};
/* End PBXNativeTarget section */

/* Begin PBXProject section */
		FDFC69B9236BE6B3009EECD0 /* Project object */ = {
			isa = PBXProject;
			attributes = {
				LastSwiftUpdateCheck = 1120;
				LastUpgradeCheck = 1120;
				ORGANIZATIONNAME = russell;
				TargetAttributes = {
					FDFC69C0236BE6B3009EECD0 = {
						CreatedOnToolsVersion = 11.2;
					};
				};
			};
			buildConfigurationList = FDFC69BC236BE6B3009EECD0 /* Build configuration list for PBXProject "QuotesAppSwiftUI" */;
			compatibilityVersion = "Xcode 9.3";
			developmentRegion = en;
			hasScannedForEncodings = 0;
			knownRegions = (
				en,
				Base,
			);
			mainGroup = FDFC69B8236BE6B3009EECD0;
			productRefGroup = FDFC69C2236BE6B3009EECD0 /* Products */;
			projectDirPath = "";
			projectRoot = "";
			targets = (
				FDFC69C0236BE6B3009EECD0 /* QuotesAppSwiftUI */,
			);
		};
/* End PBXProject section */

/* Begin PBXResourcesBuildPhase section */
		FDFC69BF236BE6B3009EECD0 /* Resources */ = {
			isa = PBXResourcesBuildPhase;
			buildActionMask = 2147483647;
			files = (
				FDFC69D1236BE6B7009EECD0 /* LaunchScreen.storyboard in Resources */,
				FDFC69CE236BE6B7009EECD0 /* Preview Assets.xcassets in Resources */,
				FDFC69CB236BE6B7009EECD0 /* Assets.xcassets in Resources */,
			);
			runOnlyForDeploymentPostprocessing = 0;
		};
/* End PBXResourcesBuildPhase section */

/* Begin PBXSourcesBuildPhase section */
		FDFC69BD236BE6B3009EECD0 /* Sources */ = {
			isa = PBXSourcesBuildPhase;
			buildActionMask = 2147483647;
			files = (
				FDFC69C5236BE6B3009EECD0 /* AppDelegate.swift in Sources */,
				FDFC69C7236BE6B3009EECD0 /* SceneDelegate.swift in Sources */,
				FDFC69C9236BE6B3009EECD0 /* ContentView.swift in Sources */,
			);
			runOnlyForDeploymentPostprocessing = 0;
		};
/* End PBXSourcesBuildPhase section */

/* Begin PBXVariantGroup section */
		FDFC69CF236BE6B7009EECD0 /* LaunchScreen.storyboard */ = {
			isa = PBXVariantGroup;
			children = (
				FDFC69D0236BE6B7009EECD0 /* Base */,
			);
			name = LaunchScreen.storyboard;
			sourceTree = "<group>";
		};
/* End PBXVariantGroup section */

/* Begin XCBuildConfiguration section */
		FDFC69D3236BE6B7009EECD0 /* Debug */ = {
			isa = XCBuildConfiguration;
			buildSettings = {
				ALWAYS_SEARCH_USER_PATHS = NO;
				CLANG_ANALYZER_NONNULL = YES;
				CLANG_ANALYZER_NUMBER_OBJECT_CONVERSION = YES_AGGRESSIVE;
				CLANG_CXX_LANGUAGE_STANDARD = "gnu++14";
				CLANG_CXX_LIBRARY = "libc++";
				CLANG_ENABLE_MODULES = YES;
				CLANG_ENABLE_OBJC_ARC = YES;
				CLANG_ENABLE_OBJC_WEAK = YES;
				CLANG_WARN_BLOCK_CAPTURE_AUTORELEASING = YES;
				CLANG_WARN_BOOL_CONVERSION = YES;
				CLANG_WARN_COMMA = YES;
				CLANG_WARN_CONSTANT_CONVERSION = YES;
				CLANG_WARN_DEPRECATED_OBJC_IMPLEMENTATIONS = YES;
				CLANG_WARN_DIRECT_OBJC_ISA_USAGE = YES_ERROR;
				CLANG_WARN_DOCUMENTATION_COMMENTS = YES;
				CLANG_WARN_EMPTY_BODY = YES;
				CLANG_WARN_ENUM_CONVERSION = YES;
				CLANG_WARN_INFINITE_RECURSION = YES;
				CLANG_WARN_INT_CONVERSION = YES;
				CLANG_WARN_NON_LITERAL_NULL_CONVERSION = YES;
				CLANG_WARN_OBJC_IMPLICIT_RETAIN_SELF = YES;
				CLANG_WARN_OBJC_LITERAL_CONVERSION = YES;
				CLANG_WARN_OBJC_ROOT_CLASS = YES_ERROR;
				CLANG_WARN_RANGE_LOOP_ANALYSIS = YES;
				CLANG_WARN_STRICT_PROTOTYPES = YES;
				CLANG_WARN_SUSPICIOUS_MOVE = YES;
				CLANG_WARN_UNGUARDED_AVAILABILITY = YES_AGGRESSIVE;
				CLANG_WARN_UNREACHABLE_CODE = YES;
				CLANG_WARN__DUPLICATE_METHOD_MATCH = YES;
				COPY_PHASE_STRIP = NO;
				DEBUG_INFORMATION_FORMAT = dwarf;
				ENABLE_STRICT_OBJC_MSGSEND = YES;
				ENABLE_TESTABILITY = YES;
				GCC_C_LANGUAGE_STANDARD = gnu11;
				GCC_DYNAMIC_NO_PIC = NO;
				GCC_NO_COMMON_BLOCKS = YES;
				GCC_OPTIMIZATION_LEVEL = 0;
				GCC_PREPROCESSOR_DEFINITIONS = (
					"DEBUG=1",
					"$(inherited)",
				);
				GCC_WARN_64_TO_32_BIT_CONVERSION = YES;
				GCC_WARN_ABOUT_RETURN_TYPE = YES_ERROR;
				GCC_WARN_UNDECLARED_SELECTOR = YES;
				GCC_WARN_UNINITIALIZED_AUTOS = YES_AGGRESSIVE;
				GCC_WARN_UNUSED_FUNCTION = YES;
				GCC_WARN_UNUSED_VARIABLE = YES;
				IPHONEOS_DEPLOYMENT_TARGET = 13.2;
				MTL_ENABLE_DEBUG_INFO = INCLUDE_SOURCE;
				MTL_FAST_MATH = YES;
				ONLY_ACTIVE_ARCH = YES;
				SDKROOT = iphoneos;
				SWIFT_ACTIVE_COMPILATION_CONDITIONS = DEBUG;
				SWIFT_OPTIMIZATION_LEVEL = "-Onone";
			};
			name = Debug;
		};
		FDFC69D4236BE6B7009EECD0 /* Release */ = {
			isa = XCBuildConfiguration;
			buildSettings = {
				ALWAYS_SEARCH_USER_PATHS = NO;
				CLANG_ANALYZER_NONNULL = YES;
				CLANG_ANALYZER_NUMBER_OBJECT_CONVERSION = YES_AGGRESSIVE;
				CLANG_CXX_LANGUAGE_STANDARD = "gnu++14";
				CLANG_CXX_LIBRARY = "libc++";
				CLANG_ENABLE_MODULES = YES;
				CLANG_ENABLE_OBJC_ARC = YES;
				CLANG_ENABLE_OBJC_WEAK = YES;
				CLANG_WARN_BLOCK_CAPTURE_AUTORELEASING = YES;
				CLANG_WARN_BOOL_CONVERSION = YES;
				CLANG_WARN_COMMA = YES;
				CLANG_WARN_CONSTANT_CONVERSION = YES;
				CLANG_WARN_DEPRECATED_OBJC_IMPLEMENTATIONS = YES;
				CLANG_WARN_DIRECT_OBJC_ISA_USAGE = YES_ERROR;
				CLANG_WARN_DOCUMENTATION_COMMENTS = YES;
				CLANG_WARN_EMPTY_BODY = YES;
				CLANG_WARN_ENUM_CONVERSION = YES;
				CLANG_WARN_INFINITE_RECURSION = YES;
				CLANG_WARN_INT_CONVERSION = YES;
				CLANG_WARN_NON_LITERAL_NULL_CONVERSION = YES;
				CLANG_WARN_OBJC_IMPLICIT_RETAIN_SELF = YES;
				CLANG_WARN_OBJC_LITERAL_CONVERSION = YES;
				CLANG_WARN_OBJC_ROOT_CLASS = YES_ERROR;
				CLANG_WARN_RANGE_LOOP_ANALYSIS = YES;
				CLANG_WARN_STRICT_PROTOTYPES = YES;
				CLANG_WARN_SUSPICIOUS_MOVE = YES;
				CLANG_WARN_UNGUARDED_AVAILABILITY = YES_AGGRESSIVE;
				CLANG_WARN_UNREACHABLE_CODE = YES;
				CLANG_WARN__DUPLICATE_METHOD_MATCH = YES;
				COPY_PHASE_STRIP = NO;
				DEBUG_INFORMATION_FORMAT = "dwarf-with-dsym";
				ENABLE_NS_ASSERTIONS = NO;
				ENABLE_STRICT_OBJC_MSGSEND = YES;
				GCC_C_LANGUAGE_STANDARD = gnu11;
				GCC_NO_COMMON_BLOCKS = YES;
				GCC_WARN_64_TO_32_BIT_CONVERSION = YES;
				GCC_WARN_ABOUT_RETURN_TYPE = YES_ERROR;
				GCC_WARN_UNDECLARED_SELECTOR = YES;
				GCC_WARN_UNINITIALIZED_AUTOS = YES_AGGRESSIVE;
				GCC_WARN_UNUSED_FUNCTION = YES;
				GCC_WARN_UNUSED_VARIABLE = YES;
				IPHONEOS_DEPLOYMENT_TARGET = 13.2;
				MTL_ENABLE_DEBUG_INFO = NO;
				MTL_FAST_MATH = YES;
				SDKROOT = iphoneos;
				SWIFT_COMPILATION_MODE = wholemodule;
				SWIFT_OPTIMIZATION_LEVEL = "-O";
				VALIDATE_PRODUCT = YES;
			};
			name = Release;
		};
		FDFC69D6236BE6B7009EECD0 /* Debug */ = {
			isa = XCBuildConfiguration;
			buildSettings = {
				ASSETCATALOG_COMPILER_APPICON_NAME = AppIcon;
				CODE_SIGN_STYLE = Automatic;
				DEVELOPMENT_ASSET_PATHS = "\"QuotesAppSwiftUI/Preview Content\"";
				DEVELOPMENT_TEAM = 4A6S7HG9Q2;
				ENABLE_PREVIEWS = YES;
				INFOPLIST_FILE = QuotesAppSwiftUI/Info.plist;
				LD_RUNPATH_SEARCH_PATHS = (
					"$(inherited)",
					"@executable_path/Frameworks",
				);
				PRODUCT_BUNDLE_IDENTIFIER = russell.com.bd.QuotesAppSwiftUI;
				PRODUCT_NAME = "$(TARGET_NAME)";
				SWIFT_VERSION = 5.0;
				TARGETED_DEVICE_FAMILY = "1,2";
			};
			name = Debug;
		};
		FDFC69D7236BE6B7009EECD0 /* Release */ = {
			isa = XCBuildConfiguration;
			buildSettings = {
				ASSETCATALOG_COMPILER_APPICON_NAME = AppIcon;
				CODE_SIGN_STYLE = Automatic;
				DEVELOPMENT_ASSET_PATHS = "\"QuotesAppSwiftUI/Preview Content\"";
				DEVELOPMENT_TEAM = 4A6S7HG9Q2;
				ENABLE_PREVIEWS = YES;
				INFOPLIST_FILE = QuotesAppSwiftUI/Info.plist;
				LD_RUNPATH_SEARCH_PATHS = (
					"$(inherited)",
					"@executable_path/Frameworks",
				);
				PRODUCT_BUNDLE_IDENTIFIER = russell.com.bd.QuotesAppSwiftUI;
				PRODUCT_NAME = "$(TARGET_NAME)";
				SWIFT_VERSION = 5.0;
				TARGETED_DEVICE_FAMILY = "1,2";
			};
			name = Release;
		};
/* End XCBuildConfiguration section */

/* Begin XCConfigurationList section */
		FDFC69BC236BE6B3009EECD0 /* Build configuration list for PBXProject "QuotesAppSwiftUI" */ = {
			isa = XCConfigurationList;
			buildConfigurations = (
				FDFC69D3236BE6B7009EECD0 /* Debug */,
				FDFC69D4236BE6B7009EECD0 /* Release */,
			);
			defaultConfigurationIsVisible = 0;
			defaultConfigurationName = Release;
		};
		FDFC69D5236BE6B7009EECD0 /* Build configuration list for PBXNativeTarget "QuotesAppSwiftUI" */ = {
			isa = XCConfigurationList;
			buildConfigurations = (
				FDFC69D6236BE6B7009EECD0 /* Debug */,
				FDFC69D7236BE6B7009EECD0 /* Release */,
			);
			defaultConfigurationIsVisible = 0;
			defaultConfigurationName = Release;
		};
/* End XCConfigurationList section */
	};
	rootObject = FDFC69B9236BE6B3009EECD0 /* Project object */;
}
